
Microsoft Visual Studio Solution File, Format Version 12.00
# Visual Studio Version 17
VisualStudioVersion = 17.0.31903.59
MinimumVisualStudioVersion = 10.0.40219.1
Project("{FAE04EC0-301F-11D3-BF4B-00C04F79EFBC}") = "LicenseScope.App", "LicenseScope.App\LicenseScope.App.csproj", "{0732E77F-B7B7-4EC3-858B-05CA6A575A44}"
EndProject
Project("{FAE04EC0-301F-11D3-BF4B-00C04F79EFBC}") = "LicenseScope.Core", "src\LicenseScope.Core\LicenseScope.Core.csproj", "{BD1145BB-E448-42EA-8DB9-E397901CF45A}"
EndProject
Project("{FAE04EC0-301F-11D3-BF4B-00C04F79EFBC}") = "LicenseScope.Core.Tests", "tests\LicenseScope.Core.Tests\LicenseScope.Core.Tests.csproj", "{0748802E-D078-4742-BD4E-49A40D6D2272}"
EndProject
Project("{FAE04EC0-301F-11D3-BF4B-00C04F79EFBC}") = "LicenseScope.Windows", "src\LicenseScope.Windows\LicenseScope.Windows.csproj", "{11111111-2222-4333-8444-555555555555}"
EndProject
Project("{FAE04EC0-301F-11D3-BF4B-00C04F79EFBC}") = "LicenseScope.Windows.Tests", "tests\LicenseScope.Windows.Tests\LicenseScope.Windows.Tests.csproj", "{66666666-7777-4888-8999-AAAAAAAAAAAA}"
EndProject
Project("{FAE04EC0-301F-11D3-BF4B-00C04F79EFBC}") = "LicenseScope.Office", "src\LicenseScope.Office\LicenseScope.Office.csproj", "{BE8E4482-AF5D-442A-91D1-1287FC7355E8}"
EndProject
Project("{FAE04EC0-301F-11D3-BF4B-00C04F79EFBC}") = "LicenseScope.Office.Tests", "tests\LicenseScope.Office.Tests\LicenseScope.Office.Tests.csproj", "{B1ECA0FA-CB2E-4F9C-A0B9-3C96564EC911}"
EndProject
Project("{FAE04EC0-301F-11D3-BF4B-00C04F79EFBC}") = "LicenseScope.Application", "src\LicenseScope.Application\LicenseScope.Application.csproj", "{A4444444-1111-4222-8333-444444444444}"
EndProject
Project("{FAE04EC0-301F-11D3-BF4B-00C04F79EFBC}") = "LicenseScope.Reporting", "src\LicenseScope.Reporting\LicenseScope.Reporting.csproj", "{B4444444-1111-4222-8333-444444444444}"
EndProject
Project("{FAE04EC0-301F-11D3-BF4B-00C04F79EFBC}") = "LicenseScope.Cli", "src\LicenseScope.Cli\LicenseScope.Cli.csproj", "{C4444444-1111-4222-8333-444444444444}"
EndProject
Project("{FAE04EC0-301F-11D3-BF4B-00C04F79EFBC}") = "LicenseScope.Reporting.Tests", "tests\LicenseScope.Reporting.Tests\LicenseScope.Reporting.Tests.csproj", "{D4444444-1111-4222-8333-444444444444}"
EndProject
Project("{FAE04EC0-301F-11D3-BF4B-00C04F79EFBC}") = "LicenseScope.Cli.Tests", "tests\LicenseScope.Cli.Tests\LicenseScope.Cli.Tests.csproj", "{E4444444-1111-4222-8333-444444444444}"
EndProject
Project("{2150E333-8FDC-42A3-9474-1A3956D46DE8}") = "src", "src", "{827E0CD3-B72D-47B6-A68D-7590B98EB39B}"
EndProject
Project("{FAE04EC0-301F-11D3-BF4B-00C04F79EFBC}") = "LicenseScope.Autodesk", "src\LicenseScope.Autodesk\LicenseScope.Autodesk.csproj", "{EE9E8577-9C31-4D4A-A603-3C5BFA927998}"
EndProject
Project("{2150E333-8FDC-42A3-9474-1A3956D46DE8}") = "tests", "tests", "{0AB3BF05-4346-4AA6-1389-037BE0695223}"
EndProject
Project("{FAE04EC0-301F-11D3-BF4B-00C04F79EFBC}") = "LicenseScope.Autodesk.Tests", "tests\LicenseScope.Autodesk.Tests\LicenseScope.Autodesk.Tests.csproj", "{7799A0E9-B5BB-4AA5-B9AF-101228C57867}"
EndProject
Project("{FAE04EC0-301F-11D3-BF4B-00C04F79EFBC}") = "LicenseScope.Adobe", "src\LicenseScope.Adobe\LicenseScope.Adobe.csproj", "{992450DA-D29D-41F0-BCAC-D844FCCADFA9}"
EndProject
Project("{FAE04EC0-301F-11D3-BF4B-00C04F79EFBC}") = "LicenseScope.Adobe.Tests", "tests\LicenseScope.Adobe.Tests\LicenseScope.Adobe.Tests.csproj", "{4735F858-6DD1-42CE-9FAC-13E1832A66ED}"
EndProject
Project("{FAE04EC0-301F-11D3-BF4B-00C04F79EFBC}") = "LicenseScope.SketchUp", "src\LicenseScope.SketchUp\LicenseScope.SketchUp.csproj", "{336D107C-F2CC-4018-A3BB-90033737B567}"
EndProject
Project("{FAE04EC0-301F-11D3-BF4B-00C04F79EFBC}") = "LicenseScope.SketchUp.Tests", "tests\LicenseScope.SketchUp.Tests\LicenseScope.SketchUp.Tests.csproj", "{F67D0B84-E56C-4C36-A968-51CEE0E4986B}"
EndProject
Project("{FAE04EC0-301F-11D3-BF4B-00C04F79EFBC}") = "LicenseScope.Compatibility", "src\LicenseScope.Compatibility\LicenseScope.Compatibility.csproj", "{07A21FBF-216F-49BF-A15F-9B3135C0F791}"
EndProject
Project("{FAE04EC0-301F-11D3-BF4B-00C04F79EFBC}") = "LicenseScope.Compatibility.Tests", "tests\LicenseScope.Compatibility.Tests\LicenseScope.Compatibility.Tests.csproj", "{3FB8404A-EF91-4FE2-8BB1-7C1FEBB30A19}"
EndProject
Global
	GlobalSection(SolutionConfigurationPlatforms) = preSolution
		Debug|Any CPU = Debug|Any CPU
		Debug|x64 = Debug|x64
		Debug|x86 = Debug|x86
		Release|Any CPU = Release|Any CPU
		Release|x64 = Release|x64
		Release|x86 = Release|x86
	EndGlobalSection
	GlobalSection(ProjectConfigurationPlatforms) = postSolution
		{0732E77F-B7B7-4EC3-858B-05CA6A575A44}.Debug|Any CPU.ActiveCfg = Debug|Any CPU
		{0732E77F-B7B7-4EC3-858B-05CA6A575A44}.Debug|Any CPU.Build.0 = Debug|Any CPU
		{0732E77F-B7B7-4EC3-858B-05CA6A575A44}.Debug|x64.ActiveCfg = Debug|Any CPU
		{0732E77F-B7B7-4EC3-858B-05CA6A575A44}.Debug|x64.Build.0 = Debug|Any CPU
		{0732E77F-B7B7-4EC3-858B-05CA6A575A44}.Debug|x86.ActiveCfg = Debug|Any CPU
		{0732E77F-B7B7-4EC3-858B-05CA6A575A44}.Debug|x86.Build.0 = Debug|Any CPU
		{0732E77F-B7B7-4EC3-858B-05CA6A575A44}.Release|Any CPU.ActiveCfg = Release|Any CPU
		{0732E77F-B7B7-4EC3-858B-05CA6A575A44}.Release|Any CPU.Build.0 = Release|Any CPU
		{0732E77F-B7B7-4EC3-858B-05CA6A575A44}.Release|x64.ActiveCfg = Release|Any CPU
		{0732E77F-B7B7-4EC3-858B-05CA6A575A44}.Release|x64.Build.0 = Release|Any CPU
		{0732E77F-B7B7-4EC3-858B-05CA6A575A44}.Release|x86.ActiveCfg = Release|Any CPU
		{0732E77F-B7B7-4EC3-858B-05CA6A575A44}.Release|x86.Build.0 = Release|Any CPU
		{BD1145BB-E448-42EA-8DB9-E397901CF45A}.Debug|Any CPU.ActiveCfg = Debug|Any CPU
		{BD1145BB-E448-42EA-8DB9-E397901CF45A}.Debug|Any CPU.Build.0 = Debug|Any CPU
		{BD1145BB-E448-42EA-8DB9-E397901CF45A}.Debug|x64.ActiveCfg = Debug|Any CPU
		{BD1145BB-E448-42EA-8DB9-E397901CF45A}.Debug|x64.Build.0 = Debug|Any CPU
		{BD1145BB-E448-42EA-8DB9-E397901CF45A}.Debug|x86.ActiveCfg = Debug|Any CPU
		{BD1145BB-E448-42EA-8DB9-E397901CF45A}.Debug|x86.Build.0 = Debug|Any CPU
		{BD1145BB-E448-42EA-8DB9-E397901CF45A}.Release|Any CPU.ActiveCfg = Release|Any CPU
		{BD1145BB-E448-42EA-8DB9-E397901CF45A}.Release|Any CPU.Build.0 = Release|Any CPU
		{BD1145BB-E448-42EA-8DB9-E397901CF45A}.Release|x64.ActiveCfg = Release|Any CPU
		{BD1145BB-E448-42EA-8DB9-E397901CF45A}.Release|x64.Build.0 = Release|Any CPU
		{BD1145BB-E448-42EA-8DB9-E397901CF45A}.Release|x86.ActiveCfg = Release|Any CPU
		{BD1145BB-E448-42EA-8DB9-E397901CF45A}.Release|x86.Build.0 = Release|Any CPU
		{0748802E-D078-4742-BD4E-49A40D6D2272}.Debug|Any CPU.ActiveCfg = Debug|Any CPU
		{0748802E-D078-4742-BD4E-49A40D6D2272}.Debug|Any CPU.Build.0 = Debug|Any CPU
		{0748802E-D078-4742-BD4E-49A40D6D2272}.Debug|x64.ActiveCfg = Debug|Any CPU
		{0748802E-D078-4742-BD4E-49A40D6D2272}.Debug|x64.Build.0 = Debug|Any CPU
		{0748802E-D078-4742-BD4E-49A40D6D2272}.Debug|x86.ActiveCfg = Debug|Any CPU
		{0748802E-D078-4742-BD4E-49A40D6D2272}.Debug|x86.Build.0 = Debug|Any CPU
		{0748802E-D078-4742-BD4E-49A40D6D2272}.Release|Any CPU.ActiveCfg = Release|Any CPU
		{0748802E-D078-4742-BD4E-49A40D6D2272}.Release|Any CPU.Build.0 = Release|Any CPU
		{0748802E-D078-4742-BD4E-49A40D6D2272}.Release|x64.ActiveCfg = Release|Any CPU
		{0748802E-D078-4742-BD4E-49A40D6D2272}.Release|x64.Build.0 = Release|Any CPU
		{0748802E-D078-4742-BD4E-49A40D6D2272}.Release|x86.ActiveCfg = Release|Any CPU
		{0748802E-D078-4742-BD4E-49A40D6D2272}.Release|x86.Build.0 = Release|Any CPU
		{11111111-2222-4333-8444-555555555555}.Debug|Any CPU.ActiveCfg = Debug|Any CPU
		{11111111-2222-4333-8444-555555555555}.Debug|Any CPU.Build.0 = Debug|Any CPU
		{11111111-2222-4333-8444-555555555555}.Debug|x64.ActiveCfg = Debug|Any CPU
		{11111111-2222-4333-8444-555555555555}.Debug|x64.Build.0 = Debug|Any CPU
		{11111111-2222-4333-8444-555555555555}.Debug|x86.ActiveCfg = Debug|Any CPU
		{11111111-2222-4333-8444-555555555555}.Debug|x86.Build.0 = Debug|Any CPU
		{11111111-2222-4333-8444-555555555555}.Release|Any CPU.ActiveCfg = Release|Any CPU
		{11111111-2222-4333-8444-555555555555}.Release|Any CPU.Build.0 = Release|Any CPU
		{11111111-2222-4333-8444-555555555555}.Release|x64.ActiveCfg = Release|Any CPU
		{11111111-2222-4333-8444-555555555555}.Release|x64.Build.0 = Release|Any CPU
		{11111111-2222-4333-8444-555555555555}.Release|x86.ActiveCfg = Release|Any CPU
		{11111111-2222-4333-8444-555555555555}.Release|x86.Build.0 = Release|Any CPU
		{66666666-7777-4888-8999-AAAAAAAAAAAA}.Debug|Any CPU.ActiveCfg = Debug|Any CPU
		{66666666-7777-4888-8999-AAAAAAAAAAAA}.Debug|Any CPU.Build.0 = Debug|Any CPU
		{66666666-7777-4888-8999-AAAAAAAAAAAA}.Debug|x64.ActiveCfg = Debug|Any CPU
		{66666666-7777-4888-8999-AAAAAAAAAAAA}.Debug|x64.Build.0 = Debug|Any CPU
		{66666666-7777-4888-8999-AAAAAAAAAAAA}.Debug|x86.ActiveCfg = Debug|Any CPU
		{66666666-7777-4888-8999-AAAAAAAAAAAA}.Debug|x86.Build.0 = Debug|Any CPU
		{66666666-7777-4888-8999-AAAAAAAAAAAA}.Release|Any CPU.ActiveCfg = Release|Any CPU
		{66666666-7777-4888-8999-AAAAAAAAAAAA}.Release|Any CPU.Build.0 = Release|Any CPU
		{66666666-7777-4888-8999-AAAAAAAAAAAA}.Release|x64.ActiveCfg = Release|Any CPU
		{66666666-7777-4888-8999-AAAAAAAAAAAA}.Release|x64.Build.0 = Release|Any CPU
		{66666666-7777-4888-8999-AAAAAAAAAAAA}.Release|x86.ActiveCfg = Release|Any CPU
		{66666666-7777-4888-8999-AAAAAAAAAAAA}.Release|x86.Build.0 = Release|Any CPU
		{BE8E4482-AF5D-442A-91D1-1287FC7355E8}.Debug|Any CPU.ActiveCfg = Debug|Any CPU
		{BE8E4482-AF5D-442A-91D1-1287FC7355E8}.Debug|Any CPU.Build.0 = Debug|Any CPU
		{BE8E4482-AF5D-442A-91D1-1287FC7355E8}.Debug|x64.ActiveCfg = Debug|Any CPU
		{BE8E4482-AF5D-442A-91D1-1287FC7355E8}.Debug|x64.Build.0 = Debug|Any CPU
		{BE8E4482-AF5D-442A-91D1-1287FC7355E8}.Debug|x86.ActiveCfg = Debug|Any CPU
		{BE8E4482-AF5D-442A-91D1-1287FC7355E8}.Debug|x86.Build.0 = Debug|Any CPU
		{BE8E4482-AF5D-442A-91D1-1287FC7355E8}.Release|Any CPU.ActiveCfg = Release|Any CPU
		{BE8E4482-AF5D-442A-91D1-1287FC7355E8}.Release|Any CPU.Build.0 = Release|Any CPU
		{BE8E4482-AF5D-442A-91D1-1287FC7355E8}.Release|x64.ActiveCfg = Release|Any CPU
		{BE8E4482-AF5D-442A-91D1-1287FC7355E8}.Release|x64.Build.0 = Release|Any CPU
		{BE8E4482-AF5D-442A-91D1-1287FC7355E8}.Release|x86.ActiveCfg = Release|Any CPU
		{BE8E4482-AF5D-442A-91D1-1287FC7355E8}.Release|x86.Build.0 = Release|Any CPU
		{B1ECA0FA-CB2E-4F9C-A0B9-3C96564EC911}.Debug|Any CPU.ActiveCfg = Debug|Any CPU
		{B1ECA0FA-CB2E-4F9C-A0B9-3C96564EC911}.Debug|Any CPU.Build.0 = Debug|Any CPU
		{B1ECA0FA-CB2E-4F9C-A0B9-3C96564EC911}.Debug|x64.ActiveCfg = Debug|Any CPU
		{B1ECA0FA-CB2E-4F9C-A0B9-3C96564EC911}.Debug|x64.Build.0 = Debug|Any CPU
		{B1ECA0FA-CB2E-4F9C-A0B9-3C96564EC911}.Debug|x86.ActiveCfg = Debug|Any CPU
		{B1ECA0FA-CB2E-4F9C-A0B9-3C96564EC911}.Debug|x86.Build.0 = Debug|Any CPU
		{B1ECA0FA-CB2E-4F9C-A0B9-3C96564EC911}.Release|Any CPU.ActiveCfg = Release|Any CPU
		{B1ECA0FA-CB2E-4F9C-A0B9-3C96564EC911}.Release|Any CPU.Build.0 = Release|Any CPU
		{B1ECA0FA-CB2E-4F9C-A0B9-3C96564EC911}.Release|x64.ActiveCfg = Release|Any CPU
		{B1ECA0FA-CB2E-4F9C-A0B9-3C96564EC911}.Release|x64.Build.0 = Release|Any CPU
		{B1ECA0FA-CB2E-4F9C-A0B9-3C96564EC911}.Release|x86.ActiveCfg = Release|Any CPU
		{B1ECA0FA-CB2E-4F9C-A0B9-3C96564EC911}.Release|x86.Build.0 = Release|Any CPU
		{A4444444-1111-4222-8333-444444444444}.Debug|Any CPU.ActiveCfg = Debug|Any CPU
		{A4444444-1111-4222-8333-444444444444}.Debug|Any CPU.Build.0 = Debug|Any CPU
		{A4444444-1111-4222-8333-444444444444}.Debug|x64.ActiveCfg = Debug|Any CPU
		{A4444444-1111-4222-8333-444444444444}.Debug|x64.Build.0 = Debug|Any CPU
		{A4444444-1111-4222-8333-444444444444}.Debug|x86.ActiveCfg = Debug|Any CPU
		{A4444444-1111-4222-8333-444444444444}.Debug|x86.Build.0 = Debug|Any CPU
		{A4444444-1111-4222-8333-444444444444}.Release|Any CPU.ActiveCfg = Release|Any CPU
		{A4444444-1111-4222-8333-444444444444}.Release|Any CPU.Build.0 = Release|Any CPU
		{A4444444-1111-4222-8333-444444444444}.Release|x64.ActiveCfg = Release|Any CPU
		{A4444444-1111-4222-8333-444444444444}.Release|x64.Build.0 = Release|Any CPU
		{A4444444-1111-4222-8333-444444444444}.Release|x86.ActiveCfg = Release|Any CPU
		{A4444444-1111-4222-8333-444444444444}.Release|x86.Build.0 = Release|Any CPU
		{B4444444-1111-4222-8333-444444444444}.Debug|Any CPU.ActiveCfg = Debug|Any CPU
		{B4444444-1111-4222-8333-444444444444}.Debug|Any CPU.Build.0 = Debug|Any CPU
		{B4444444-1111-4222-8333-444444444444}.Debug|x64.ActiveCfg = Debug|Any CPU
		{B4444444-1111-4222-8333-444444444444}.Debug|x64.Build.0 = Debug|Any CPU
		{B4444444-1111-4222-8333-444444444444}.Debug|x86.ActiveCfg = Debug|Any CPU
		{B4444444-1111-4222-8333-444444444444}.Debug|x86.Build.0 = Debug|Any CPU
		{B4444444-1111-4222-8333-444444444444}.Release|Any CPU.ActiveCfg = Release|Any CPU
		{B4444444-1111-4222-8333-444444444444}.Release|Any CPU.Build.0 = Release|Any CPU
		{B4444444-1111-4222-8333-444444444444}.Release|x64.ActiveCfg = Release|Any CPU
		{B4444444-1111-4222-8333-444444444444}.Release|x64.Build.0 = Release|Any CPU
		{B4444444-1111-4222-8333-444444444444}.Release|x86.ActiveCfg = Release|Any CPU
		{B4444444-1111-4222-8333-444444444444}.Release|x86.Build.0 = Release|Any CPU
		{C4444444-1111-4222-8333-444444444444}.Debug|Any CPU.ActiveCfg = Debug|Any CPU
		{C4444444-1111-4222-8333-444444444444}.Debug|Any CPU.Build.0 = Debug|Any CPU
		{C4444444-1111-4222-8333-444444444444}.Debug|x64.ActiveCfg = Debug|Any CPU
		{C4444444-1111-4222-8333-444444444444}.Debug|x64.Build.0 = Debug|Any CPU
		{C4444444-1111-4222-8333-444444444444}.Debug|x86.ActiveCfg = Debug|Any CPU
		{C4444444-1111-4222-8333-444444444444}.Debug|x86.Build.0 = Debug|Any CPU
		{C4444444-1111-4222-8333-444444444444}.Release|Any CPU.ActiveCfg = Release|Any CPU
		{C4444444-1111-4222-8333-444444444444}.Release|Any CPU.Build.0 = Release|Any CPU
		{C4444444-1111-4222-8333-444444444444}.Release|x64.ActiveCfg = Release|Any CPU
		{C4444444-1111-4222-8333-444444444444}.Release|x64.Build.0 = Release|Any CPU
		{C4444444-1111-4222-8333-444444444444}.Release|x86.ActiveCfg = Release|Any CPU
		{C4444444-1111-4222-8333-444444444444}.Release|x86.Build.0 = Release|Any CPU
		{D4444444-1111-4222-8333-444444444444}.Debug|Any CPU.ActiveCfg = Debug|Any CPU
		{D4444444-1111-4222-8333-444444444444}.Debug|Any CPU.Build.0 = Debug|Any CPU
		{D4444444-1111-4222-8333-444444444444}.Debug|x64.ActiveCfg = Debug|Any CPU
		{D4444444-1111-4222-8333-444444444444}.Debug|x64.Build.0 = Debug|Any CPU
		{D4444444-1111-4222-8333-444444444444}.Debug|x86.ActiveCfg = Debug|Any CPU
		{D4444444-1111-4222-8333-444444444444}.Debug|x86.Build.0 = Debug|Any CPU
		{D4444444-1111-4222-8333-444444444444}.Release|Any CPU.ActiveCfg = Release|Any CPU
		{D4444444-1111-4222-8333-444444444444}.Release|Any CPU.Build.0 = Release|Any CPU
		{D4444444-1111-4222-8333-444444444444}.Release|x64.ActiveCfg = Release|Any CPU
		{D4444444-1111-4222-8333-444444444444}.Release|x64.Build.0 = Release|Any CPU
		{D4444444-1111-4222-8333-444444444444}.Release|x86.ActiveCfg = Release|Any CPU
		{D4444444-1111-4222-8333-444444444444}.Release|x86.Build.0 = Release|Any CPU
		{E4444444-1111-4222-8333-444444444444}.Debug|Any CPU.ActiveCfg = Debug|Any CPU
		{E4444444-1111-4222-8333-444444444444}.Debug|Any CPU.Build.0 = Debug|Any CPU
		{E4444444-1111-4222-8333-444444444444}.Debug|x64.ActiveCfg = Debug|Any CPU
		{E4444444-1111-4222-8333-444444444444}.Debug|x64.Build.0 = Debug|Any CPU
		{E4444444-1111-4222-8333-444444444444}.Debug|x86.ActiveCfg = Debug|Any CPU
		{E4444444-1111-4222-8333-444444444444}.Debug|x86.Build.0 = Debug|Any CPU
		{E4444444-1111-4222-8333-444444444444}.Release|Any CPU.ActiveCfg = Release|Any CPU
		{E4444444-1111-4222-8333-444444444444}.Release|Any CPU.Build.0 = Release|Any CPU
		{E4444444-1111-4222-8333-444444444444}.Release|x64.ActiveCfg = Release|Any CPU
		{E4444444-1111-4222-8333-444444444444}.Release|x64.Build.0 = Release|Any CPU
		{E4444444-1111-4222-8333-444444444444}.Release|x86.ActiveCfg = Release|Any CPU
		{E4444444-1111-4222-8333-444444444444}.Release|x86.Build.0 = Release|Any CPU
		{EE9E8577-9C31-4D4A-A603-3C5BFA927998}.Debug|Any CPU.ActiveCfg = Debug|Any CPU
		{EE9E8577-9C31-4D4A-A603-3C5BFA927998}.Debug|Any CPU.Build.0 = Debug|Any CPU
		{EE9E8577-9C31-4D4A-A603-3C5BFA927998}.Debug|x64.ActiveCfg = Debug|Any CPU
		{EE9E8577-9C31-4D4A-A603-3C5BFA927998}.Debug|x64.Build.0 = Debug|Any CPU
		{EE9E8577-9C31-4D4A-A603-3C5BFA927998}.Debug|x86.ActiveCfg = Debug|Any CPU
		{EE9E8577-9C31-4D4A-A603-3C5BFA927998}.Debug|x86.Build.0 = Debug|Any CPU
		{EE9E8577-9C31-4D4A-A603-3C5BFA927998}.Release|Any CPU.ActiveCfg = Release|Any CPU
		{EE9E8577-9C31-4D4A-A603-3C5BFA927998}.Release|Any CPU.Build.0 = Release|Any CPU
		{EE9E8577-9C31-4D4A-A603-3C5BFA927998}.Release|x64.ActiveCfg = Release|Any CPU
		{EE9E8577-9C31-4D4A-A603-3C5BFA927998}.Release|x64.Build.0 = Release|Any CPU
		{EE9E8577-9C31-4D4A-A603-3C5BFA927998}.Release|x86.ActiveCfg = Release|Any CPU
		{EE9E8577-9C31-4D4A-A603-3C5BFA927998}.Release|x86.Build.0 = Release|Any CPU
		{7799A0E9-B5BB-4AA5-B9AF-101228C57867}.Debug|Any CPU.ActiveCfg = Debug|Any CPU
		{7799A0E9-B5BB-4AA5-B9AF-101228C57867}.Debug|Any CPU.Build.0 = Debug|Any CPU
		{7799A0E9-B5BB-4AA5-B9AF-101228C57867}.Debug|x64.ActiveCfg = Debug|Any CPU
		{7799A0E9-B5BB-4AA5-B9AF-101228C57867}.Debug|x64.Build.0 = Debug|Any CPU
		{7799A0E9-B5BB-4AA5-B9AF-101228C57867}.Debug|x86.ActiveCfg = Debug|Any CPU
		{7799A0E9-B5BB-4AA5-B9AF-101228C57867}.Debug|x86.Build.0 = Debug|Any CPU
		{7799A0E9-B5BB-4AA5-B9AF-101228C57867}.Release|Any CPU.ActiveCfg = Release|Any CPU
		{7799A0E9-B5BB-4AA5-B9AF-101228C57867}.Release|Any CPU.Build.0 = Release|Any CPU
		{7799A0E9-B5BB-4AA5-B9AF-101228C57867}.Release|x64.ActiveCfg = Release|Any CPU
		{7799A0E9-B5BB-4AA5-B9AF-101228C57867}.Release|x64.Build.0 = Release|Any CPU
		{7799A0E9-B5BB-4AA5-B9AF-101228C57867}.Release|x86.ActiveCfg = Release|Any CPU
		{7799A0E9-B5BB-4AA5-B9AF-101228C57867}.Release|x86.Build.0 = Release|Any CPU
		{992450DA-D29D-41F0-BCAC-D844FCCADFA9}.Debug|Any CPU.ActiveCfg = Debug|Any CPU
		{992450DA-D29D-41F0-BCAC-D844FCCADFA9}.Debug|Any CPU.Build.0 = Debug|Any CPU
		{992450DA-D29D-41F0-BCAC-D844FCCADFA9}.Debug|x64.ActiveCfg = Debug|Any CPU
		{992450DA-D29D-41F0-BCAC-D844FCCADFA9}.Debug|x64.Build.0 = Debug|Any CPU
		{992450DA-D29D-41F0-BCAC-D844FCCADFA9}.Debug|x86.ActiveCfg = Debug|Any CPU
		{992450DA-D29D-41F0-BCAC-D844FCCADFA9}.Debug|x86.Build.0 = Debug|Any CPU
		{992450DA-D29D-41F0-BCAC-D844FCCADFA9}.Release|Any CPU.ActiveCfg = Release|Any CPU
		{992450DA-D29D-41F0-BCAC-D844FCCADFA9}.Release|Any CPU.Build.0 = Release|Any CPU
		{992450DA-D29D-41F0-BCAC-D844FCCADFA9}.Release|x64.ActiveCfg = Release|Any CPU
		{992450DA-D29D-41F0-BCAC-D844FCCADFA9}.Release|x64.Build.0 = Release|Any CPU
		{992450DA-D29D-41F0-BCAC-D844FCCADFA9}.Release|x86.ActiveCfg = Release|Any CPU
		{992450DA-D29D-41F0-BCAC-D844FCCADFA9}.Release|x86.Build.0 = Release|Any CPU
		{4735F858-6DD1-42CE-9FAC-13E1832A66ED}.Debug|Any CPU.ActiveCfg = Debug|Any CPU
		{4735F858-6DD1-42CE-9FAC-13E1832A66ED}.Debug|Any CPU.Build.0 = Debug|Any CPU
		{4735F858-6DD1-42CE-9FAC-13E1832A66ED}.Debug|x64.ActiveCfg = Debug|Any CPU
		{4735F858-6DD1-42CE-9FAC-13E1832A66ED}.Debug|x64.Build.0 = Debug|Any CPU
		{4735F858-6DD1-42CE-9FAC-13E1832A66ED}.Debug|x86.ActiveCfg = Debug|Any CPU
		{4735F858-6DD1-42CE-9FAC-13E1832A66ED}.Debug|x86.Build.0 = Debug|Any CPU
		{4735F858-6DD1-42CE-9FAC-13E1832A66ED}.Release|Any CPU.ActiveCfg = Release|Any CPU
		{4735F858-6DD1-42CE-9FAC-13E1832A66ED}.Release|Any CPU.Build.0 = Release|Any CPU
		{4735F858-6DD1-42CE-9FAC-13E1832A66ED}.Release|x64.ActiveCfg = Release|Any CPU
		{4735F858-6DD1-42CE-9FAC-13E1832A66ED}.Release|x64.Build.0 = Release|Any CPU
		{4735F858-6DD1-42CE-9FAC-13E1832A66ED}.Release|x86.ActiveCfg = Release|Any CPU
		{4735F858-6DD1-42CE-9FAC-13E1832A66ED}.Release|x86.Build.0 = Release|Any CPU
		{336D107C-F2CC-4018-A3BB-90033737B567}.Debug|Any CPU.ActiveCfg = Debug|Any CPU
		{336D107C-F2CC-4018-A3BB-90033737B567}.Debug|Any CPU.Build.0 = Debug|Any CPU
		{336D107C-F2CC-4018-A3BB-90033737B567}.Debug|x64.ActiveCfg = Debug|Any CPU
		{336D107C-F2CC-4018-A3BB-90033737B567}.Debug|x64.Build.0 = Debug|Any CPU
		{336D107C-F2CC-4018-A3BB-90033737B567}.Debug|x86.ActiveCfg = Debug|Any CPU
		{336D107C-F2CC-4018-A3BB-90033737B567}.Debug|x86.Build.0 = Debug|Any CPU
		{336D107C-F2CC-4018-A3BB-90033737B567}.Release|Any CPU.ActiveCfg = Release|Any CPU
		{336D107C-F2CC-4018-A3BB-90033737B567}.Release|Any CPU.Build.0 = Release|Any CPU
		{336D107C-F2CC-4018-A3BB-90033737B567}.Release|x64.ActiveCfg = Release|Any CPU
		{336D107C-F2CC-4018-A3BB-90033737B567}.Release|x64.Build.0 = Release|Any CPU
		{336D107C-F2CC-4018-A3BB-90033737B567}.Release|x86.ActiveCfg = Release|Any CPU
		{336D107C-F2CC-4018-A3BB-90033737B567}.Release|x86.Build.0 = Release|Any CPU
		{F67D0B84-E56C-4C36-A968-51CEE0E4986B}.Debug|Any CPU.ActiveCfg = Debug|Any CPU
		{F67D0B84-E56C-4C36-A968-51CEE0E4986B}.Debug|Any CPU.Build.0 = Debug|Any CPU
		{F67D0B84-E56C-4C36-A968-51CEE0E4986B}.Debug|x64.ActiveCfg = Debug|Any CPU
		{F67D0B84-E56C-4C36-A968-51CEE0E4986B}.Debug|x64.Build.0 = Debug|Any CPU
		{F67D0B84-E56C-4C36-A968-51CEE0E4986B}.Debug|x86.ActiveCfg = Debug|Any CPU
		{F67D0B84-E56C-4C36-A968-51CEE0E4986B}.Debug|x86.Build.0 = Debug|Any CPU
		{F67D0B84-E56C-4C36-A968-51CEE0E4986B}.Release|Any CPU.ActiveCfg = Release|Any CPU
		{F67D0B84-E56C-4C36-A968-51CEE0E4986B}.Release|Any CPU.Build.0 = Release|Any CPU
		{F67D0B84-E56C-4C36-A968-51CEE0E4986B}.Release|x64.ActiveCfg = Release|Any CPU
		{F67D0B84-E56C-4C36-A968-51CEE0E4986B}.Release|x64.Build.0 = Release|Any CPU
		{F67D0B84-E56C-4C36-A968-51CEE0E4986B}.Release|x86.ActiveCfg = Release|Any CPU
		{F67D0B84-E56C-4C36-A968-51CEE0E4986B}.Release|x86.Build.0 = Release|Any CPU
		{07A21FBF-216F-49BF-A15F-9B3135C0F791}.Debug|Any CPU.ActiveCfg = Debug|Any CPU
		{07A21FBF-216F-49BF-A15F-9B3135C0F791}.Debug|Any CPU.Build.0 = Debug|Any CPU
		{07A21FBF-216F-49BF-A15F-9B3135C0F791}.Debug|x64.ActiveCfg = Debug|Any CPU
		{07A21FBF-216F-49BF-A15F-9B3135C0F791}.Debug|x64.Build.0 = Debug|Any CPU
		{07A21FBF-216F-49BF-A15F-9B3135C0F791}.Debug|x86.ActiveCfg = Debug|Any CPU
		{07A21FBF-216F-49BF-A15F-9B3135C0F791}.Debug|x86.Build.0 = Debug|Any CPU
		{07A21FBF-216F-49BF-A15F-9B3135C0F791}.Release|Any CPU.ActiveCfg = Release|Any CPU
		{07A21FBF-216F-49BF-A15F-9B3135C0F791}.Release|Any CPU.Build.0 = Release|Any CPU
		{07A21FBF-216F-49BF-A15F-9B3135C0F791}.Release|x64.ActiveCfg = Release|Any CPU
		{07A21FBF-216F-49BF-A15F-9B3135C0F791}.Release|x64.Build.0 = Release|Any CPU
		{07A21FBF-216F-49BF-A15F-9B3135C0F791}.Release|x86.ActiveCfg = Release|Any CPU
		{07A21FBF-216F-49BF-A15F-9B3135C0F791}.Release|x86.Build.0 = Release|Any CPU
		{3FB8404A-EF91-4FE2-8BB1-7C1FEBB30A19}.Debug|Any CPU.ActiveCfg = Debug|Any CPU
		{3FB8404A-EF91-4FE2-8BB1-7C1FEBB30A19}.Debug|Any CPU.Build.0 = Debug|Any CPU
		{3FB8404A-EF91-4FE2-8BB1-7C1FEBB30A19}.Debug|x64.ActiveCfg = Debug|Any CPU
		{3FB8404A-EF91-4FE2-8BB1-7C1FEBB30A19}.Debug|x64.Build.0 = Debug|Any CPU
		{3FB8404A-EF91-4FE2-8BB1-7C1FEBB30A19}.Debug|x86.ActiveCfg = Debug|Any CPU
		{3FB8404A-EF91-4FE2-8BB1-7C1FEBB30A19}.Debug|x86.Build.0 = Debug|Any CPU
		{3FB8404A-EF91-4FE2-8BB1-7C1FEBB30A19}.Release|Any CPU.ActiveCfg = Release|Any CPU
		{3FB8404A-EF91-4FE2-8BB1-7C1FEBB30A19}.Release|Any CPU.Build.0 = Release|Any CPU
		{3FB8404A-EF91-4FE2-8BB1-7C1FEBB30A19}.Release|x64.ActiveCfg = Release|Any CPU
		{3FB8404A-EF91-4FE2-8BB1-7C1FEBB30A19}.Release|x64.Build.0 = Release|Any CPU
		{3FB8404A-EF91-4FE2-8BB1-7C1FEBB30A19}.Release|x86.ActiveCfg = Release|Any CPU
		{3FB8404A-EF91-4FE2-8BB1-7C1FEBB30A19}.Release|x86.Build.0 = Release|Any CPU
	EndGlobalSection
	GlobalSection(SolutionProperties) = preSolution
		HideSolutionNode = FALSE
	EndGlobalSection
	GlobalSection(NestedProjects) = preSolution
		{EE9E8577-9C31-4D4A-A603-3C5BFA927998} = {827E0CD3-B72D-47B6-A68D-7590B98EB39B}
		{7799A0E9-B5BB-4AA5-B9AF-101228C57867} = {0AB3BF05-4346-4AA6-1389-037BE0695223}
		{992450DA-D29D-41F0-BCAC-D844FCCADFA9} = {827E0CD3-B72D-47B6-A68D-7590B98EB39B}
		{4735F858-6DD1-42CE-9FAC-13E1832A66ED} = {0AB3BF05-4346-4AA6-1389-037BE0695223}
		{336D107C-F2CC-4018-A3BB-90033737B567} = {827E0CD3-B72D-47B6-A68D-7590B98EB39B}
		{F67D0B84-E56C-4C36-A968-51CEE0E4986B} = {0AB3BF05-4346-4AA6-1389-037BE0695223}
		{07A21FBF-216F-49BF-A15F-9B3135C0F791} = {827E0CD3-B72D-47B6-A68D-7590B98EB39B}
		{3FB8404A-EF91-4FE2-8BB1-7C1FEBB30A19} = {0AB3BF05-4346-4AA6-1389-037BE0695223}
	EndGlobalSection
EndGlobal
