Microsoft Visual Studio Solution File, Format Version 12.00
# Visual Studio Version 17
VisualStudioVersion = 17.0.31903.59
MinimumVisualStudioVersion = 10.0.40219.1
Project("{FAE04EC0-301F-11D3-BF4B-00C04F79EFBC}") = "WinLicApp", "WinLicApp\WinLicApp.csproj", "{0732E77F-B7B7-4EC3-858B-05CA6A575A44}"
EndProject
Project("{FAE04EC0-301F-11D3-BF4B-00C04F79EFBC}") = "WinLic.Core", "src\WinLic.Core\WinLic.Core.csproj", "{BD1145BB-E448-42EA-8DB9-E397901CF45A}"
EndProject
Project("{FAE04EC0-301F-11D3-BF4B-00C04F79EFBC}") = "WinLic.Core.Tests", "tests\WinLic.Core.Tests\WinLic.Core.Tests.csproj", "{0748802E-D078-4742-BD4E-49A40D6D2272}"
EndProject
Project("{FAE04EC0-301F-11D3-BF4B-00C04F79EFBC}") = "WinLic.Scanners.Windows", "src\WinLic.Scanners.Windows\WinLic.Scanners.Windows.csproj", "{11111111-2222-4333-8444-555555555555}"
EndProject
Project("{FAE04EC0-301F-11D3-BF4B-00C04F79EFBC}") = "WinLic.Scanners.Windows.Tests", "tests\WinLic.Scanners.Windows.Tests\WinLic.Scanners.Windows.Tests.csproj", "{66666666-7777-4888-8999-AAAAAAAAAAAA}"
EndProject
Global
	GlobalSection(SolutionConfigurationPlatforms) = preSolution
		Debug|Any CPU = Debug|Any CPU
		Release|Any CPU = Release|Any CPU
	EndGlobalSection
	GlobalSection(ProjectConfigurationPlatforms) = postSolution
		{0732E77F-B7B7-4EC3-858B-05CA6A575A44}.Debug|Any CPU.ActiveCfg = Debug|Any CPU
		{0732E77F-B7B7-4EC3-858B-05CA6A575A44}.Debug|Any CPU.Build.0 = Debug|Any CPU
		{0732E77F-B7B7-4EC3-858B-05CA6A575A44}.Release|Any CPU.ActiveCfg = Release|Any CPU
		{0732E77F-B7B7-4EC3-858B-05CA6A575A44}.Release|Any CPU.Build.0 = Release|Any CPU
		{BD1145BB-E448-42EA-8DB9-E397901CF45A}.Debug|Any CPU.ActiveCfg = Debug|Any CPU
		{BD1145BB-E448-42EA-8DB9-E397901CF45A}.Debug|Any CPU.Build.0 = Debug|Any CPU
		{BD1145BB-E448-42EA-8DB9-E397901CF45A}.Release|Any CPU.ActiveCfg = Release|Any CPU
		{BD1145BB-E448-42EA-8DB9-E397901CF45A}.Release|Any CPU.Build.0 = Release|Any CPU
		{0748802E-D078-4742-BD4E-49A40D6D2272}.Debug|Any CPU.ActiveCfg = Debug|Any CPU
		{0748802E-D078-4742-BD4E-49A40D6D2272}.Debug|Any CPU.Build.0 = Debug|Any CPU
		{0748802E-D078-4742-BD4E-49A40D6D2272}.Release|Any CPU.ActiveCfg = Release|Any CPU
		{0748802E-D078-4742-BD4E-49A40D6D2272}.Release|Any CPU.Build.0 = Release|Any CPU
		{11111111-2222-4333-8444-555555555555}.Debug|Any CPU.ActiveCfg = Debug|Any CPU
		{11111111-2222-4333-8444-555555555555}.Debug|Any CPU.Build.0 = Debug|Any CPU
		{11111111-2222-4333-8444-555555555555}.Release|Any CPU.ActiveCfg = Release|Any CPU
		{11111111-2222-4333-8444-555555555555}.Release|Any CPU.Build.0 = Release|Any CPU
		{66666666-7777-4888-8999-AAAAAAAAAAAA}.Debug|Any CPU.ActiveCfg = Debug|Any CPU
		{66666666-7777-4888-8999-AAAAAAAAAAAA}.Debug|Any CPU.Build.0 = Debug|Any CPU
		{66666666-7777-4888-8999-AAAAAAAAAAAA}.Release|Any CPU.ActiveCfg = Release|Any CPU
		{66666666-7777-4888-8999-AAAAAAAAAAAA}.Release|Any CPU.Build.0 = Release|Any CPU
	EndGlobalSection
EndGlobal
